# This file is automatically @generated by Poetry 2.3.2 and should not be changed by hand.

[[package]]
name = "dnspython"
version = "2.8.0"
description = "DNS toolkit"
optional = false
python-versions = ">=3.10"
groups = ["main"]
files = [
    {file = "dnspython-2.8.0-py3-none-any.whl", hash = "sha256:01d9bbc4a2d76bf0db7c1f729812ded6d912bd318d3b1cf81d30c0f845dbf3af"},
    {file = "dnspython-2.8.0.tar.gz", hash = "sha256:181d3c6996452cb1189c4046c61599b84a5a86e099562ffde77d26984ff26d0f"},
]

[package.extras]
dev = ["black (>=25.1.0)", "coverage (>=7.0)", "flake8 (>=7)", "hypercorn (>=0.17.0)", "mypy (>=1.17)", "pylint (>=3)", "pytest (>=8.4)", "pytest-cov (>=6.2.0)", "quart-trio (>=0.12.0)", "sphinx (>=8.2.0)", "sphinx-rtd-theme (>=3.0.0)", "twine (>=6.1.0)", "wheel (>=0.45.0)"]
dnssec = ["cryptography (>=45)"]
doh = ["h2 (>=4.2.0)", "httpcore (>=1.0.0)", "httpx (>=0.28.0)"]
doq = ["aioquic (>=1.2.0)"]
idna = ["idna (>=3.10)"]
trio = ["trio (>=0.30)"]
wmi = ["wmi (>=1.5.1) ; platform_system == \"Windows\""]

[[package]]
name = "importlib-metadata"
version = "8.7.1"
description = "Read metadata from Python packages"
optional = false
python-versions = ">=3.9"
groups = ["main", "charm-libs"]
files = [
    {file = "importlib_metadata-8.7.1-py3-none-any.whl", hash = "sha256:5a1f80bf1daa489495071efbb095d75a634cf28a8bc299581244063b53176151"},
    {file = "importlib_metadata-8.7.1.tar.gz", hash = "sha256:49fef1ae6440c182052f407c8d34a68f72efc36db9ca90dc0113398f2fdde8bb"},
]

[package.dependencies]
zipp = ">=3.20"

[package.extras]
check = ["pytest-checkdocs (>=2.4)", "pytest-ruff (>=0.2.1) ; sys_platform != \"cygwin\""]
cover = ["pytest-cov"]
doc = ["furo", "jaraco.packaging (>=9.3)", "jaraco.tidelift (>=1.4)", "rst.linker (>=1.9)", "sphinx (>=3.5)", "sphinx-lint"]
enabler = ["pytest-enabler (>=3.4)"]
perf = ["ipython"]
test = ["flufl.flake8", "jaraco.test (>=5.4)", "packaging", "pyfakefs", "pytest (>=6,!=8.1.*)", "pytest-perf (>=0.9.2)"]
type = ["mypy (<1.19) ; platform_python_implementation == \"PyPy\"", "pytest-mypy (>=1.0.1)"]

[[package]]
name = "opentelemetry-api"
version = "1.41.0"
description = "OpenTelemetry Python API"
optional = false
python-versions = ">=3.9"
groups = ["main", "charm-libs"]
files = [
    {file = "opentelemetry_api-1.41.0-py3-none-any.whl", hash = "sha256:0e77c806e6a89c9e4f8d372034622f3e1418a11bdbe1c80a50b3d3397ad0fa4f"},
    {file = "opentelemetry_api-1.41.0.tar.gz", hash = "sha256:9421d911326ec12dee8bc933f7839090cad7a3f13fcfb0f9e82f8174dc003c09"},
]

[package.dependencies]
importlib-metadata = ">=6.0,<8.8.0"
typing-extensions = ">=4.5.0"

[[package]]
name = "ops"
version = "2.22.0"
description = "The Python library behind great charms"
optional = false
python-versions = ">=3.8"
groups = ["main", "charm-libs"]
files = [
    {file = "ops-2.22.0-py3-none-any.whl", hash = "sha256:ad44326bc065e33357b47e1cf4c73e811b2fdb3c89dd0c9bdf421a7a028bdcf7"},
    {file = "ops-2.22.0.tar.gz", hash = "sha256:bd1cd1229e83efb8ae2d97d8878c7db3deceb6819eb5a38fb6e235a959528ec2"},
]

[package.dependencies]
importlib-metadata = "*"
opentelemetry-api = ">=1.0,<2.0"
PyYAML = "==6.*"
websocket-client = "==1.*"

[package.extras]
docs = ["canonical-sphinx-extensions", "furo", "linkify-it-py", "myst-parser", "pyspelling", "sphinx (>=8.0.0,<8.1.0)", "sphinx-autobuild", "sphinx-copybutton", "sphinx-design", "sphinx-notfound-page", "sphinx-tabs", "sphinxcontrib-jquery", "sphinxext-opengraph"]
testing = ["ops-scenario (==7.22.0)"]
tracing = ["ops-tracing (==2.22.0)"]

[[package]]
name = "pymongo"
version = "4.7.3"
description = "Python driver for MongoDB <http://www.mongodb.org>"
optional = false
python-versions = ">=3.7"
groups = ["main"]
files = [
    {file = "pymongo-4.7.3-cp310-cp310-macosx_10_9_x86_64.whl", hash = "sha256:e9580b4537b3cc5d412070caabd1dabdf73fdce249793598792bac5782ecf2eb"},
    {file = "pymongo-4.7.3-cp310-cp310-macosx_11_0_arm64.whl", hash = "sha256:517243b2b189c98004570dd8fc0e89b1a48363d5578b3b99212fa2098b2ea4b8"},
    {file = "pymongo-4.7.3-cp310-cp310-manylinux_2_17_aarch64.manylinux2014_aarch64.whl", hash = "sha256:23b1e9dabd61da1c7deb54d888f952f030e9e35046cebe89309b28223345b3d9"},
    {file = "pymongo-4.7.3-cp310-cp310-manylinux_2_17_ppc64le.manylinux2014_ppc64le.whl", hash = "sha256:03e0f9901ad66c6fb7da0d303461377524d61dab93a4e4e5af44164c5bb4db76"},
    {file = "pymongo-4.7.3-cp310-cp310-manylinux_2_17_s390x.manylinux2014_s390x.whl", hash = "sha256:9a870824aa54453aee030bac08c77ebcf2fe8999400f0c2a065bebcbcd46b7f8"},
    {file = "pymongo-4.7.3-cp310-cp310-manylinux_2_17_x86_64.manylinux2014_x86_64.whl", hash = "sha256:dfd7b3d3f4261bddbb74a332d87581bc523353e62bb9da4027cc7340f6fcbebc"},
    {file = "pymongo-4.7.3-cp310-cp310-manylinux_2_5_i686.manylinux1_i686.manylinux_2_17_i686.manylinux2014_i686.whl", hash = "sha256:4d719a643ea6da46d215a3ba51dac805a773b611c641319558d8576cbe31cef8"},
    {file = "pymongo-4.7.3-cp310-cp310-win32.whl", hash = "sha256:d8b1e06f361f3c66ee694cb44326e1a2e4f93bc9c3a4849ae8547889fca71154"},
    {file = "pymongo-4.7.3-cp310-cp310-win_amd64.whl", hash = "sha256:c450ab2f9397e2d5caa7fddeb4feb30bf719c47c13ae02c0bbb3b71bf4099c1c"},
    {file = "pymongo-4.7.3-cp311-cp311-macosx_10_9_x86_64.whl", hash = "sha256:79cc6459209e885ba097779eaa0fe7f2fa049db39ab43b1731cf8d065a4650e8"},
    {file = "pymongo-4.7.3-cp311-cp311-macosx_11_0_arm64.whl", hash = "sha256:6e2287f1e2cc35e73cd74a4867e398a97962c5578a3991c730ef78d276ca8e46"},
    {file = "pymongo-4.7.3-cp311-cp311-manylinux_2_17_aarch64.manylinux2014_aarch64.whl", hash = "sha256:413506bd48d8c31ee100645192171e4773550d7cb940b594d5175ac29e329ea1"},
    {file = "pymongo-4.7.3-cp311-cp311-manylinux_2_17_ppc64le.manylinux2014_ppc64le.whl", hash = "sha256:1cc1febf17646d52b7561caa762f60bdfe2cbdf3f3e70772f62eb624269f9c05"},
    {file = "pymongo-4.7.3-cp311-cp311-manylinux_2_17_s390x.manylinux2014_s390x.whl", hash = "sha256:8dfcf18a49955d50a16c92b39230bd0668ffc9c164ccdfe9d28805182b48fa72"},
    {file = "pymongo-4.7.3-cp311-cp311-manylinux_2_17_x86_64.manylinux2014_x86_64.whl", hash = "sha256:89872041196c008caddf905eb59d3dc2d292ae6b0282f1138418e76f3abd3ad6"},
    {file = "pymongo-4.7.3-cp311-cp311-manylinux_2_5_i686.manylinux1_i686.manylinux_2_17_i686.manylinux2014_i686.whl", hash = "sha256:d3ed97b89de62ea927b672ad524de0d23f3a6b4a01c8d10e3d224abec973fbc3"},
    {file = "pymongo-4.7.3-cp311-cp311-win32.whl", hash = "sha256:d2f52b38151e946011d888a8441d3d75715c663fc5b41a7ade595e924e12a90a"},
    {file = "pymongo-4.7.3-cp311-cp311-win_amd64.whl", hash = "sha256:4a4cc91c28e81c0ce03d3c278e399311b0af44665668a91828aec16527082676"},
    {file = "pymongo-4.7.3-cp312-cp312-macosx_10_9_x86_64.whl", hash = "sha256:cb30c8a78f5ebaca98640943447b6a0afcb146f40b415757c9047bf4a40d07b4"},
    {file = "pymongo-4.7.3-cp312-cp312-macosx_11_0_arm64.whl", hash = "sha256:9cf2069f5d37c398186453589486ea98bb0312214c439f7d320593b61880dc05"},
    {file = "pymongo-4.7.3-cp312-cp312-manylinux_2_17_aarch64.manylinux2014_aarch64.whl", hash = "sha256:3564f423958fced8a8c90940fd2f543c27adbcd6c7c6ed6715d847053f6200a0"},
    {file = "pymongo-4.7.3-cp312-cp312-manylinux_2_17_ppc64le.manylinux2014_ppc64le.whl", hash = "sha256:7a8af8a38fa6951fff73e6ff955a6188f829b29fed7c5a1b739a306b4aa56fe8"},
    {file = "pymongo-4.7.3-cp312-cp312-manylinux_2_17_s390x.manylinux2014_s390x.whl", hash = "sha256:3a0e81c8dba6d825272867d487f18764cfed3c736d71d7d4ff5b79642acbed42"},
    {file = "pymongo-4.7.3-cp312-cp312-manylinux_2_17_x86_64.manylinux2014_x86_64.whl", hash = "sha256:88fc1d146feabac4385ea8ddb1323e584922922641303c8bf392fe1c36803463"},
    {file = "pymongo-4.7.3-cp312-cp312-manylinux_2_5_i686.manylinux1_i686.manylinux_2_17_i686.manylinux2014_i686.whl", hash = "sha256:4225100b2c5d1f7393d7c5d256ceb8b20766830eecf869f8ae232776347625a6"},
    {file = "pymongo-4.7.3-cp312-cp312-win32.whl", hash = "sha256:5f3569ed119bf99c0f39ac9962fb5591eff02ca210fe80bb5178d7a1171c1b1e"},
    {file = "pymongo-4.7.3-cp312-cp312-win_amd64.whl", hash = "sha256:eb383c54c0c8ba27e7712b954fcf2a0905fee82a929d277e2e94ad3a5ba3c7db"},
    {file = "pymongo-4.7.3-cp37-cp37m-macosx_10_9_x86_64.whl", hash = "sha256:a46cffe91912570151617d866a25d07b9539433a32231ca7e7cf809b6ba1745f"},
    {file = "pymongo-4.7.3-cp37-cp37m-manylinux_2_17_aarch64.manylinux2014_aarch64.whl", hash = "sha256:4c3cba427dac50944c050c96d958c5e643c33a457acee03bae27c8990c5b9c16"},
    {file = "pymongo-4.7.3-cp37-cp37m-manylinux_2_17_ppc64le.manylinux2014_ppc64le.whl", hash = "sha256:a7a5fd893edbeb7fa982f8d44b6dd0186b6cd86c89e23f6ef95049ff72bffe46"},
    {file = "pymongo-4.7.3-cp37-cp37m-manylinux_2_17_s390x.manylinux2014_s390x.whl", hash = "sha256:c168a2fadc8b19071d0a9a4f85fe38f3029fe22163db04b4d5c046041c0b14bd"},
    {file = "pymongo-4.7.3-cp37-cp37m-manylinux_2_17_x86_64.manylinux2014_x86_64.whl", hash = "sha256:2c59c2c9e70f63a7f18a31e367898248c39c068c639b0579623776f637e8f482"},
    {file = "pymongo-4.7.3-cp37-cp37m-manylinux_2_5_i686.manylinux1_i686.manylinux_2_17_i686.manylinux2014_i686.whl", hash = "sha256:d08165fd82c89d372e82904c3268bd8fe5de44f92a00e97bb1db1785154397d9"},
    {file = "pymongo-4.7.3-cp37-cp37m-manylinux_2_5_i686.manylinux1_i686.whl", hash = "sha256:397fed21afec4fdaecf72f9c4344b692e489756030a9c6d864393e00c7e80491"},
    {file = "pymongo-4.7.3-cp37-cp37m-manylinux_2_5_x86_64.manylinux1_x86_64.whl", hash = "sha256:f903075f8625e2d228f1b9b9a0cf1385f1c41e93c03fd7536c91780a0fb2e98f"},
    {file = "pymongo-4.7.3-cp37-cp37m-win32.whl", hash = "sha256:8ed1132f58c38add6b6138b771d0477a3833023c015c455d9a6e26f367f9eb5c"},
    {file = "pymongo-4.7.3-cp37-cp37m-win_amd64.whl", hash = "sha256:8d00a5d8fc1043a4f641cbb321da766699393f1b6f87c70fae8089d61c9c9c54"},
    {file = "pymongo-4.7.3-cp38-cp38-macosx_10_9_x86_64.whl", hash = "sha256:9377b868c38700c7557aac1bc4baae29f47f1d279cc76b60436e547fd643318c"},
    {file = "pymongo-4.7.3-cp38-cp38-macosx_11_0_arm64.whl", hash = "sha256:da4a6a7b4f45329bb135aa5096823637bd5f760b44d6224f98190ee367b6b5dd"},
    {file = "pymongo-4.7.3-cp38-cp38-manylinux_2_17_aarch64.manylinux2014_aarch64.whl", hash = "sha256:487e2f9277f8a63ac89335ec4f1699ae0d96ebd06d239480d69ed25473a71b2c"},
    {file = "pymongo-4.7.3-cp38-cp38-manylinux_2_17_ppc64le.manylinux2014_ppc64le.whl", hash = "sha256:6db3d608d541a444c84f0bfc7bad80b0b897e0f4afa580a53f9a944065d9b633"},
    {file = "pymongo-4.7.3-cp38-cp38-manylinux_2_17_s390x.manylinux2014_s390x.whl", hash = "sha256:e90af2ad3a8a7c295f4d09a2fbcb9a350c76d6865f787c07fe843b79c6e821d1"},
    {file = "pymongo-4.7.3-cp38-cp38-manylinux_2_17_x86_64.manylinux2014_x86_64.whl", hash = "sha256:8e28feb18dc559d50ededba27f9054c79f80c4edd70a826cecfe68f3266807b3"},
    {file = "pymongo-4.7.3-cp38-cp38-manylinux_2_5_i686.manylinux1_i686.manylinux_2_17_i686.manylinux2014_i686.whl", hash = "sha256:f21ecddcba2d9132d5aebd8e959de8d318c29892d0718420447baf2b9bccbb19"},
    {file = "pymongo-4.7.3-cp38-cp38-manylinux_2_5_i686.manylinux1_i686.whl", hash = "sha256:26140fbb3f6a9a74bd73ed46d0b1f43d5702e87a6e453a31b24fad9c19df9358"},
    {file = "pymongo-4.7.3-cp38-cp38-manylinux_2_5_x86_64.manylinux1_x86_64.whl", hash = "sha256:94baa5fc7f7d22c3ce2ac7bd92f7e03ba7a6875f2480e3b97a400163d6eaafc9"},
    {file = "pymongo-4.7.3-cp38-cp38-win32.whl", hash = "sha256:92dd247727dd83d1903e495acc743ebd757f030177df289e3ba4ef8a8c561fad"},
    {file = "pymongo-4.7.3-cp38-cp38-win_amd64.whl", hash = "sha256:1c90c848a5e45475731c35097f43026b88ef14a771dfd08f20b67adc160a3f79"},
    {file = "pymongo-4.7.3-cp39-cp39-macosx_10_9_x86_64.whl", hash = "sha256:f598be401b416319a535c386ac84f51df38663f7a9d1071922bda4d491564422"},
    {file = "pymongo-4.7.3-cp39-cp39-macosx_11_0_arm64.whl", hash = "sha256:35ba90477fae61c65def6e7d09e8040edfdd3b7fd47c3c258b4edded60c4d625"},
    {file = "pymongo-4.7.3-cp39-cp39-manylinux_2_17_aarch64.manylinux2014_aarch64.whl", hash = "sha256:9aa8735955c70892634d7e61b0ede9b1eefffd3cd09ccabee0ffcf1bdfe62254"},
    {file = "pymongo-4.7.3-cp39-cp39-manylinux_2_17_ppc64le.manylinux2014_ppc64le.whl", hash = "sha256:82a97d8f7f138586d9d0a0cff804a045cdbbfcfc1cd6bba542b151e284fbbec5"},
    {file = "pymongo-4.7.3-cp39-cp39-manylinux_2_17_s390x.manylinux2014_s390x.whl", hash = "sha256:de3b9db558930efab5eaef4db46dcad8bf61ac3ddfd5751b3e5ac6084a25e366"},
    {file = "pymongo-4.7.3-cp39-cp39-manylinux_2_17_x86_64.manylinux2014_x86_64.whl", hash = "sha256:f0e149217ef62812d3c2401cf0e2852b0c57fd155297ecc4dcd67172c4eca402"},
    {file = "pymongo-4.7.3-cp39-cp39-manylinux_2_5_i686.manylinux1_i686.manylinux_2_17_i686.manylinux2014_i686.whl", hash = "sha256:b3a8a1ef4a824f5feb793b3231526d0045eadb5eb01080e38435dfc40a26c3e5"},
    {file = "pymongo-4.7.3-cp39-cp39-manylinux_2_5_i686.manylinux1_i686.whl", hash = "sha256:d14e5e89a4be1f10efc3d9dcb13eb7a3b2334599cb6bb5d06c6a9281b79c8e22"},
    {file = "pymongo-4.7.3-cp39-cp39-manylinux_2_5_x86_64.manylinux1_x86_64.whl", hash = "sha256:c6bfa29f032fd4fd7b129520f8cdb51ab71d88c2ba0567cccd05d325f963acb5"},
    {file = "pymongo-4.7.3-cp39-cp39-win32.whl", hash = "sha256:1421d0bd2ce629405f5157bd1aaa9b83f12d53a207cf68a43334f4e4ee312b66"},
    {file = "pymongo-4.7.3-cp39-cp39-win_amd64.whl", hash = "sha256:f7ee974f8b9370a998919c55b1050889f43815ab588890212023fecbc0402a6d"},
    {file = "pymongo-4.7.3.tar.gz", hash = "sha256:6354a66b228f2cd399be7429685fb68e07f19110a3679782ecb4fdb68da03831"},
]

[package.dependencies]
dnspython = ">=1.16.0,<3.0.0"

[package.extras]
aws = ["pymongo-auth-aws (>=1.1.0,<2.0.0)"]
encryption = ["certifi ; os_name == \"nt\" or sys_platform == \"darwin\"", "pymongo-auth-aws (>=1.1.0,<2.0.0)", "pymongocrypt (>=1.6.0,<2.0.0)"]
gssapi = ["pykerberos ; os_name != \"nt\"", "winkerberos (>=0.5.0) ; os_name == \"nt\""]
ocsp = ["certifi ; os_name == \"nt\" or sys_platform == \"darwin\"", "cryptography (>=2.5)", "pyopenssl (>=17.2.0)", "requests (<3.0.0)", "service-identity (>=18.1.0)"]
snappy = ["python-snappy"]
test = ["pytest (>=7)"]
zstd = ["zstandard"]

[[package]]
name = "pyyaml"
version = "6.0.3"
description = "YAML parser and emitter for Python"
optional = false
python-versions = ">=3.8"
groups = ["main", "charm-libs"]
files = [
    {file = "PyYAML-6.0.3-cp38-cp38-macosx_10_13_x86_64.whl", hash = "sha256:c2514fceb77bc5e7a2f7adfaa1feb2fb311607c9cb518dbc378688ec73d8292f"},
    {file = "PyYAML-6.0.3-cp38-cp38-manylinux2014_aarch64.manylinux_2_17_aarch64.manylinux_2_28_aarch64.whl", hash = "sha256:9c57bb8c96f6d1808c030b1687b9b5fb476abaa47f0db9c0101f5e9f394e97f4"},
    {file = "PyYAML-6.0.3-cp38-cp38-manylinux2014_s390x.manylinux_2_17_s390x.manylinux_2_28_s390x.whl", hash = "sha256:efd7b85f94a6f21e4932043973a7ba2613b059c4a000551892ac9f1d11f5baf3"},
    {file = "PyYAML-6.0.3-cp38-cp38-manylinux2014_x86_64.manylinux_2_17_x86_64.manylinux_2_28_x86_64.whl", hash = "sha256:22ba7cfcad58ef3ecddc7ed1db3409af68d023b7f940da23c6c2a1890976eda6"},
    {file = "PyYAML-6.0.3-cp38-cp38-musllinux_1_2_x86_64.whl", hash = "sha256:6344df0d5755a2c9a276d4473ae6b90647e216ab4757f8426893b5dd2ac3f369"},
    {file = "PyYAML-6.0.3-cp38-cp38-win32.whl", hash = "sha256:3ff07ec89bae51176c0549bc4c63aa6202991da2d9a6129d7aef7f1407d3f295"},
    {file = "PyYAML-6.0.3-cp38-cp38-win_amd64.whl", hash = "sha256:5cf4e27da7e3fbed4d6c3d8e797387aaad68102272f8f9752883bc32d61cb87b"},
    {file = "pyyaml-6.0.3-cp310-cp310-macosx_10_13_x86_64.whl", hash = "sha256:214ed4befebe12df36bcc8bc2b64b396ca31be9304b8f59e25c11cf94a4c033b"},
    {file = "pyyaml-6.0.3-cp310-cp310-macosx_11_0_arm64.whl", hash = "sha256:02ea2dfa234451bbb8772601d7b8e426c2bfa197136796224e50e35a78777956"},
    {file = "pyyaml-6.0.3-cp310-cp310-manylinux2014_aarch64.manylinux_2_17_aarch64.manylinux_2_28_aarch64.whl", hash = "sha256:b30236e45cf30d2b8e7b3e85881719e98507abed1011bf463a8fa23e9c3e98a8"},
    {file = "pyyaml-6.0.3-cp310-cp310-manylinux2014_s390x.manylinux_2_17_s390x.manylinux_2_28_s390x.whl", hash = "sha256:66291b10affd76d76f54fad28e22e51719ef9ba22b29e1d7d03d6777a9174198"},
    {file = "pyyaml-6.0.3-cp310-cp310-manylinux2014_x86_64.manylinux_2_17_x86_64.manylinux_2_28_x86_64.whl", hash = "sha256:9c7708761fccb9397fe64bbc0395abcae8c4bf7b0eac081e12b809bf47700d0b"},
    {file = "pyyaml-6.0.3-cp310-cp310-musllinux_1_2_aarch64.whl", hash = "sha256:418cf3f2111bc80e0933b2cd8cd04f286338bb88bdc7bc8e6dd775ebde60b5e0"},
    {file = "pyyaml-6.0.3-cp310-cp310-musllinux_1_2_x86_64.whl", hash = "sha256:5e0b74767e5f8c593e8c9b5912019159ed0533c70051e9cce3e8b6aa699fcd69"},
    {file = "pyyaml-6.0.3-cp310-cp310-win32.whl", hash = "sha256:28c8d926f98f432f88adc23edf2e6d4921ac26fb084b028c733d01868d19007e"},
    {file = "pyyaml-6.0.3-cp310-cp310-win_amd64.whl", hash = "sha256:bdb2c67c6c1390b63c6ff89f210c8fd09d9a1217a465701eac7316313c915e4c"},
    {file = "pyyaml-6.0.3-cp311-cp311-macosx_10_13_x86_64.whl", hash = "sha256:44edc647873928551a01e7a563d7452ccdebee747728c1080d881d68af7b997e"},
    {file = "pyyaml-6.0.3-cp311-cp311-macosx_11_0_arm64.whl", hash = "sha256:652cb6edd41e718550aad172851962662ff2681490a8a711af6a4d288dd96824"},
    {file = "pyyaml-6.0.3-cp311-cp311-manylinux2014_aarch64.manylinux_2_17_aarch64.manylinux_2_28_aarch64.whl", hash = "sha256:10892704fc220243f5305762e276552a0395f7beb4dbf9b14ec8fd43b57f126c"},
    {file = "pyyaml-6.0.3-cp311-cp311-manylinux2014_s390x.manylinux_2_17_s390x.manylinux_2_28_s390x.whl", hash = "sha256:850774a7879607d3a6f50d36d04f00ee69e7fc816450e5f7e58d7f17f1ae5c00"},
    {file = "pyyaml-6.0.3-cp311-cp311-manylinux2014_x86_64.manylinux_2_17_x86_64.manylinux_2_28_x86_64.whl", hash = "sha256:b8bb0864c5a28024fac8a632c443c87c5aa6f215c0b126c449ae1a150412f31d"},
    {file = "pyyaml-6.0.3-cp311-cp311-musllinux_1_2_aarch64.whl", hash = "sha256:1d37d57ad971609cf3c53ba6a7e365e40660e3be0e5175fa9f2365a379d6095a"},
    {file = "pyyaml-6.0.3-cp311-cp311-musllinux_1_2_x86_64.whl", hash = "sha256:37503bfbfc9d2c40b344d06b2199cf0e96e97957ab1c1b546fd4f87e53e5d3e4"},
    {file = "pyyaml-6.0.3-cp311-cp311-win32.whl", hash = "sha256:8098f252adfa6c80ab48096053f512f2321f0b998f98150cea9bd23d83e1467b"},
    {file = "pyyaml-6.0.3-cp311-cp311-win_amd64.whl", hash = "sha256:9f3bfb4965eb874431221a3ff3fdcddc7e74e3b07799e0e84ca4a0f867d449bf"},
    {file = "pyyaml-6.0.3-cp312-cp312-macosx_10_13_x86_64.whl", hash = "sha256:7f047e29dcae44602496db43be01ad42fc6f1cc0d8cd6c83d342306c32270196"},
    {file = "pyyaml-6.0.3-cp312-cp312-macosx_11_0_arm64.whl", hash = "sha256:fc09d0aa354569bc501d4e787133afc08552722d3ab34836a80547331bb5d4a0"},
    {file = "pyyaml-6.0.3-cp312-cp312-manylinux2014_aarch64.manylinux_2_17_aarch64.manylinux_2_28_aarch64.whl", hash = "sha256:9149cad251584d5fb4981be1ecde53a1ca46c891a79788c0df828d2f166bda28"},
    {file = "pyyaml-6.0.3-cp312-cp312-manylinux2014_s390x.manylinux_2_17_s390x.manylinux_2_28_s390x.whl", hash = "sha256:5fdec68f91a0c6739b380c83b951e2c72ac0197ace422360e6d5a959d8d97b2c"},
    {file = "pyyaml-6.0.3-cp312-cp312-manylinux2014_x86_64.manylinux_2_17_x86_64.manylinux_2_28_x86_64.whl", hash = "sha256:ba1cc08a7ccde2d2ec775841541641e4548226580ab850948cbfda66a1befcdc"},
    {file = "pyyaml-6.0.3-cp312-cp312-musllinux_1_2_aarch64.whl", hash = "sha256:8dc52c23056b9ddd46818a57b78404882310fb473d63f17b07d5c40421e47f8e"},
    {file = "pyyaml-6.0.3-cp312-cp312-musllinux_1_2_x86_64.whl", hash = "sha256:41715c910c881bc081f1e8872880d3c650acf13dfa8214bad49ed4cede7c34ea"},
    {file = "pyyaml-6.0.3-cp312-cp312-win32.whl", hash = "sha256:96b533f0e99f6579b3d4d4995707cf36df9100d67e0c8303a0c55b27b5f99bc5"},
    {file = "pyyaml-6.0.3-cp312-cp312-win_amd64.whl", hash = "sha256:5fcd34e47f6e0b794d17de1b4ff496c00986e1c83f7ab2fb8fcfe9616ff7477b"},
    {file = "pyyaml-6.0.3-cp312-cp312-win_arm64.whl", hash = "sha256:64386e5e707d03a7e172c0701abfb7e10f0fb753ee1d773128192742712a98fd"},
    {file = "pyyaml-6.0.3-cp313-cp313-macosx_10_13_x86_64.whl", hash = "sha256:8da9669d359f02c0b91ccc01cac4a67f16afec0dac22c2ad09f46bee0697eba8"},
    {file = "pyyaml-6.0.3-cp313-cp313-macosx_11_0_arm64.whl", hash = "sha256:2283a07e2c21a2aa78d9c4442724ec1eb15f5e42a723b99cb3d822d48f5f7ad1"},
    {file = "pyyaml-6.0.3-cp313-cp313-manylinux2014_aarch64.manylinux_2_17_aarch64.manylinux_2_28_aarch64.whl", hash = "sha256:ee2922902c45ae8ccada2c5b501ab86c36525b883eff4255313a253a3160861c"},
    {file = "pyyaml-6.0.3-cp313-cp313-manylinux2014_s390x.manylinux_2_17_s390x.manylinux_2_28_s390x.whl", hash = "sha256:a33284e20b78bd4a18c8c2282d549d10bc8408a2a7ff57653c0cf0b9be0afce5"},
    {file = "pyyaml-6.0.3-cp313-cp313-manylinux2014_x86_64.manylinux_2_17_x86_64.manylinux_2_28_x86_64.whl", hash = "sha256:0f29edc409a6392443abf94b9cf89ce99889a1dd5376d94316ae5145dfedd5d6"},
    {file = "pyyaml-6.0.3-cp313-cp313-musllinux_1_2_aarch64.whl", hash = "sha256:f7057c9a337546edc7973c0d3ba84ddcdf0daa14533c2065749c9075001090e6"},
    {file = "pyyaml-6.0.3-cp313-cp313-musllinux_1_2_x86_64.whl", hash = "sha256:eda16858a3cab07b80edaf74336ece1f986ba330fdb8ee0d6c0d68fe82bc96be"},
    {file = "pyyaml-6.0.3-cp313-cp313-win32.whl", hash = "sha256:d0eae10f8159e8fdad514efdc92d74fd8d682c933a6dd088030f3834bc8e6b26"},
    {file = "pyyaml-6.0.3-cp313-cp313-win_amd64.whl", hash = "sha256:79005a0d97d5ddabfeeea4cf676af11e647e41d81c9a7722a193022accdb6b7c"},
    {file = "pyyaml-6.0.3-cp313-cp313-win_arm64.whl", hash = "sha256:5498cd1645aa724a7c71c8f378eb29ebe23da2fc0d7a08071d89469bf1d2defb"},
    {file = "pyyaml-6.0.3-cp314-cp314-macosx_10_13_x86_64.whl", hash = "sha256:8d1fab6bb153a416f9aeb4b8763bc0f22a5586065f86f7664fc23339fc1c1fac"},
    {file = "pyyaml-6.0.3-cp314-cp314-macosx_11_0_arm64.whl", hash = "sha256:34d5fcd24b8445fadc33f9cf348c1047101756fd760b4dacb5c3e99755703310"},
    {file = "pyyaml-6.0.3-cp314-cp314-manylinux2014_aarch64.manylinux_2_17_aarch64.manylinux_2_28_aarch64.whl", hash = "sha256:501a031947e3a9025ed4405a168e6ef5ae3126c59f90ce0cd6f2bfc477be31b7"},
    {file = "pyyaml-6.0.3-cp314-cp314-manylinux2014_s390x.manylinux_2_17_s390x.manylinux_2_28_s390x.whl", hash = "sha256:b3bc83488de33889877a0f2543ade9f70c67d66d9ebb4ac959502e12de895788"},
    {file = "pyyaml-6.0.3-cp314-cp314-manylinux2014_x86_64.manylinux_2_17_x86_64.manylinux_2_28_x86_64.whl", hash = "sha256:c458b6d084f9b935061bc36216e8a69a7e293a2f1e68bf956dcd9e6cbcd143f5"},
    {file = "pyyaml-6.0.3-cp314-cp314-musllinux_1_2_aarch64.whl", hash = "sha256:7c6610def4f163542a622a73fb39f534f8c101d690126992300bf3207eab9764"},
    {file = "pyyaml-6.0.3-cp314-cp314-musllinux_1_2_x86_64.whl", hash = "sha256:5190d403f121660ce8d1d2c1bb2ef1bd05b5f68533fc5c2ea899bd15f4399b35"},
    {file = "pyyaml-6.0.3-cp314-cp314-win_amd64.whl", hash = "sha256:4a2e8cebe2ff6ab7d1050ecd59c25d4c8bd7e6f400f5f82b96557ac0abafd0ac"},
    {file = "pyyaml-6.0.3-cp314-cp314-win_arm64.whl", hash = "sha256:93dda82c9c22deb0a405ea4dc5f2d0cda384168e466364dec6255b293923b2f3"},
    {file = "pyyaml-6.0.3-cp314-cp314t-macosx_10_13_x86_64.whl", hash = "sha256:02893d100e99e03eda1c8fd5c441d8c60103fd175728e23e431db1b589cf5ab3"},
    {file = "pyyaml-6.0.3-cp314-cp314t-macosx_11_0_arm64.whl", hash = "sha256:c1ff362665ae507275af2853520967820d9124984e0f7466736aea23d8611fba"},
    {file = "pyyaml-6.0.3-cp314-cp314t-manylinux2014_aarch64.manylinux_2_17_aarch64.manylinux_2_28_aarch64.whl", hash = "sha256:6adc77889b628398debc7b65c073bcb99c4a0237b248cacaf3fe8a557563ef6c"},
    {file = "pyyaml-6.0.3-cp314-cp314t-manylinux2014_s390x.manylinux_2_17_s390x.manylinux_2_28_s390x.whl", hash = "sha256:a80cb027f6b349846a3bf6d73b5e95e782175e52f22108cfa17876aaeff93702"},
    {file = "pyyaml-6.0.3-cp314-cp314t-manylinux2014_x86_64.manylinux_2_17_x86_64.manylinux_2_28_x86_64.whl", hash = "sha256:00c4bdeba853cc34e7dd471f16b4114f4162dc03e6b7afcc2128711f0eca823c"},
    {file = "pyyaml-6.0.3-cp314-cp314t-musllinux_1_2_aarch64.whl", hash = "sha256:66e1674c3ef6f541c35191caae2d429b967b99e02040f5ba928632d9a7f0f065"},
    {file = "pyyaml-6.0.3-cp314-cp314t-musllinux_1_2_x86_64.whl", hash = "sha256:16249ee61e95f858e83976573de0f5b2893b3677ba71c9dd36b9cf8be9ac6d65"},
    {file = "pyyaml-6.0.3-cp314-cp314t-win_amd64.whl", hash = "sha256:4ad1906908f2f5ae4e5a8ddfce73c320c2a1429ec52eafd27138b7f1cbe341c9"},
    {file = "pyyaml-6.0.3-cp314-cp314t-win_arm64.whl", hash = "sha256:ebc55a14a21cb14062aa4162f906cd962b28e2e9ea38f9b4391244cd8de4ae0b"},
    {file = "pyyaml-6.0.3-cp39-cp39-macosx_10_13_x86_64.whl", hash = "sha256:b865addae83924361678b652338317d1bd7e79b1f4596f96b96c77a5a34b34da"},
    {file = "pyyaml-6.0.3-cp39-cp39-macosx_11_0_arm64.whl", hash = "sha256:c3355370a2c156cffb25e876646f149d5d68f5e0a3ce86a5084dd0b64a994917"},
    {file = "pyyaml-6.0.3-cp39-cp39-manylinux2014_aarch64.manylinux_2_17_aarch64.manylinux_2_28_aarch64.whl", hash = "sha256:3c5677e12444c15717b902a5798264fa7909e41153cdf9ef7ad571b704a63dd9"},
    {file = "pyyaml-6.0.3-cp39-cp39-manylinux2014_s390x.manylinux_2_17_s390x.manylinux_2_28_s390x.whl", hash = "sha256:5ed875a24292240029e4483f9d4a4b8a1ae08843b9c54f43fcc11e404532a8a5"},
    {file = "pyyaml-6.0.3-cp39-cp39-manylinux2014_x86_64.manylinux_2_17_x86_64.manylinux_2_28_x86_64.whl", hash = "sha256:0150219816b6a1fa26fb4699fb7daa9caf09eb1999f3b70fb6e786805e80375a"},
    {file = "pyyaml-6.0.3-cp39-cp39-musllinux_1_2_aarch64.whl", hash = "sha256:fa160448684b4e94d80416c0fa4aac48967a969efe22931448d853ada8baf926"},
    {file = "pyyaml-6.0.3-cp39-cp39-musllinux_1_2_x86_64.whl", hash = "sha256:27c0abcb4a5dac13684a37f76e701e054692a9b2d3064b70f5e4eb54810553d7"},
    {file = "pyyaml-6.0.3-cp39-cp39-win32.whl", hash = "sha256:1ebe39cb5fc479422b83de611d14e2c0d3bb2a18bbcb01f229ab3cfbd8fee7a0"},
    {file = "pyyaml-6.0.3-cp39-cp39-win_amd64.whl", hash = "sha256:2e71d11abed7344e42a8849600193d15b6def118602c4c176f748e4583246007"},
    {file = "pyyaml-6.0.3.tar.gz", hash = "sha256:d76623373421df22fb4cf8817020cbb7ef15c725b9d5e45f17e189bfc384190f"},
]

[[package]]
name = "tenacity"
version = "8.2.3"
description = "Retry code until it succeeds"
optional = false
python-versions = ">=3.7"
groups = ["main"]
files = [
    {file = "tenacity-8.2.3-py3-none-any.whl", hash = "sha256:ce510e327a630c9e1beaf17d42e6ffacc88185044ad85cf74c0a8887c6a0f88c"},
    {file = "tenacity-8.2.3.tar.gz", hash = "sha256:5398ef0d78e63f40007c1fb4c0bff96e1911394d2fa8d194f77619c05ff6cc8a"},
]

[package.extras]
doc = ["reno", "sphinx", "tornado (>=4.5)"]

[[package]]
name = "typing-extensions"
version = "4.15.0"
description = "Backported and Experimental Type Hints for Python 3.9+"
optional = false
python-versions = ">=3.9"
groups = ["main", "charm-libs"]
files = [
    {file = "typing_extensions-4.15.0-py3-none-any.whl", hash = "sha256:f0fa19c6845758ab08074a0cfa8b7aecb71c999ca73d62883bc25cc018c4e548"},
    {file = "typing_extensions-4.15.0.tar.gz", hash = "sha256:0cea48d173cc12fa28ecabc3b837ea3cf6f38c6d1136f85cbaaf598984861466"},
]

[[package]]
name = "websocket-client"
version = "1.9.0"
description = "WebSocket client for Python with low level API options"
optional = false
python-versions = ">=3.9"
groups = ["main", "charm-libs"]
files = [
    {file = "websocket_client-1.9.0-py3-none-any.whl", hash = "sha256:af248a825037ef591efbf6ed20cc5faa03d3b47b9e5a2230a529eeee1c1fc3ef"},
    {file = "websocket_client-1.9.0.tar.gz", hash = "sha256:9e813624b6eb619999a97dc7958469217c3176312b3a16a4bd1bc7e08a46ec98"},
]

[package.extras]
docs = ["Sphinx (>=6.0)", "myst-parser (>=2.0.0)", "sphinx_rtd_theme (>=1.1.0)"]
optional = ["python-socks", "wsaccel"]
test = ["pytest", "websockets"]

[[package]]
name = "zipp"
version = "3.23.1"
description = "Backport of pathlib-compatible object wrapper for zip files"
optional = false
python-versions = ">=3.9"
groups = ["main", "charm-libs"]
files = [
    {file = "zipp-3.23.1-py3-none-any.whl", hash = "sha256:0b3596c50a5c700c9cb40ba8d86d9f2cc4807e9bedb06bcdf7fac85633e444dc"},
    {file = "zipp-3.23.1.tar.gz", hash = "sha256:32120e378d32cd9714ad503c1d024619063ec28aad2248dc6672ad13edfa5110"},
]

[package.extras]
check = ["pytest-checkdocs (>=2.4)", "pytest-ruff (>=0.2.1) ; sys_platform != \"cygwin\""]
cover = ["pytest-cov"]
doc = ["furo", "jaraco.packaging (>=9.3)", "jaraco.tidelift (>=1.4)", "rst.linker (>=1.9)", "sphinx (>=3.5)", "sphinx-lint"]
enabler = ["pytest-enabler (>=2.2)"]
test = ["big-O", "jaraco.functools", "jaraco.itertools", "jaraco.test", "more_itertools", "pytest (>=6,!=8.1.*)", "pytest-ignore-flaky"]
type = ["pytest-mypy"]

[metadata]
lock-version = "2.1"
python-versions = "^3.12.3"
content-hash = "01b242d152f5508042b762f7a0f28d2567557523d68b1393f2f0ca635cea7e5b"
